// !$*UTF8*$!
{
	archiveVersion = 1;
	classes = {
	};
	objectVersion = 46;
	objects = {

/* Begin PBXBuildFile section */
		557518B45457B560024ACFD7 /* Pods_tddSwiftBlankTests.framework in Frameworks */ = {isa = PBXBuildFile; fileRef = 8B43F68A913B17866BE95D9F /* Pods_tddSwiftBlankTests.framework */; };
		F4F74E831EBBCAE7003C9981 /* AppDelegate.swift in Sources */ = {isa = PBXBuildFile; fileRef = F4F74E821EBBCAE7003C9981 /* AppDelegate.swift */; };
		F4F74E851EBBCAE7003C9981 /* ViewController.swift in Sources */ = {isa = PBXBuildFile; fileRef = F4F74E841EBBCAE7003C9981 /* ViewController.swift */; };
		F4F74E881EBBCAE7003C9981 /* Main.storyboard in Resources */ = {isa = PBXBuildFile; fileRef = F4F74E861EBBCAE7003C9981 /* Main.storyboard */; };
		F4F74E8A1EBBCAE7003C9981 /* Assets.xcassets in Resources */ = {isa = PBXBuildFile; fileRef = F4F74E891EBBCAE7003C9981 /* Assets.xcassets */; };
		F4F74E8D1EBBCAE7003C9981 /* LaunchScreen.storyboard in Resources */ = {isa = PBXBuildFile; fileRef = F4F74E8B1EBBCAE7003C9981 /* LaunchScreen.storyboard */; };
		F4F74EAB1EC2544A003C9981 /* PasswordVerifier.swift in Sources */ = {isa = PBXBuildFile; fileRef = F4F74EAA1EC2544A003C9981 /* PasswordVerifier.swift */; };
		F4F74EAD1EC25452003C9981 /* SwuPasswordVerifier.swift in Sources */ = {isa = PBXBuildFile; fileRef = F4F74EAC1EC25452003C9981 /* SwuPasswordVerifier.swift */; };
		F4F74EAF1EC2546C003C9981 /* PasswordVerifierSpec.swift in Sources */ = {isa = PBXBuildFile; fileRef = F4F74EAE1EC2546C003C9981 /* PasswordVerifierSpec.swift */; };
		F4F74EB11EC2548F003C9981 /* SwuPasswordVerifierSpec.swift in Sources */ = {isa = PBXBuildFile; fileRef = F4F74EB01EC2548F003C9981 /* SwuPasswordVerifierSpec.swift */; };
/* End PBXBuildFile section */

/* Begin PBXContainerItemProxy section */
		F4F74E941EBBCAE7003C9981 /* PBXContainerItemProxy */ = {
			isa = PBXContainerItemProxy;
			containerPortal = F4F74E771EBBCAE7003C9981 /* Project object */;
			proxyType = 1;
			remoteGlobalIDString = F4F74E7E1EBBCAE7003C9981;
			remoteInfo = tddSwiftBlank;
		};
/* End PBXContainerItemProxy section */

/* Begin PBXFileReference section */
		8B43F68A913B17866BE95D9F /* Pods_tddSwiftBlankTests.framework */ = {isa = PBXFileReference; explicitFileType = wrapper.framework; includeInIndex = 0; path = Pods_tddSwiftBlankTests.framework; sourceTree = BUILT_PRODUCTS_DIR; };
		D400222F429FE68993B58A1A /* Pods-tddSwiftBlankTests.debug.xcconfig */ = {isa = PBXFileReference; includeInIndex = 1; lastKnownFileType = text.xcconfig; name = "Pods-tddSwiftBlankTests.debug.xcconfig"; path = "Pods/Target Support Files/Pods-tddSwiftBlankTests/Pods-tddSwiftBlankTests.debug.xcconfig"; sourceTree = "<group>"; };
		DE3A0817E7A51464AF0F8E08 /* Pods-tddSwiftBlankTests.release.xcconfig */ = {isa = PBXFileReference; includeInIndex = 1; lastKnownFileType = text.xcconfig; name = "Pods-tddSwiftBlankTests.release.xcconfig"; path = "Pods/Target Support Files/Pods-tddSwiftBlankTests/Pods-tddSwiftBlankTests.release.xcconfig"; sourceTree = "<group>"; };
		F4F74E7F1EBBCAE7003C9981 /* tddSwiftBlank.app */ = {isa = PBXFileReference; explicitFileType = wrapper.application; includeInIndex = 0; path = tddSwiftBlank.app; sourceTree = BUILT_PRODUCTS_DIR; };
		F4F74E821EBBCAE7003C9981 /* AppDelegate.swift */ = {isa = PBXFileReference; lastKnownFileType = sourcecode.swift; path = AppDelegate.swift; sourceTree = "<group>"; };
		F4F74E841EBBCAE7003C9981 /* ViewController.swift */ = {isa = PBXFileReference; lastKnownFileType = sourcecode.swift; path = ViewController.swift; sourceTree = "<group>"; };
		F4F74E871EBBCAE7003C9981 /* Base */ = {isa = PBXFileReference; lastKnownFileType = file.storyboard; name = Base; path = Base.lproj/Main.storyboard; sourceTree = "<group>"; };
		F4F74E891EBBCAE7003C9981 /* Assets.xcassets */ = {isa = PBXFileReference; lastKnownFileType = folder.assetcatalog; path = Assets.xcassets; sourceTree = "<group>"; };
		F4F74E8C1EBBCAE7003C9981 /* Base */ = {isa = PBXFileReference; lastKnownFileType = file.storyboard; name = Base; path = Base.lproj/LaunchScreen.storyboard; sourceTree = "<group>"; };
		F4F74E8E1EBBCAE7003C9981 /* Info.plist */ = {isa = PBXFileReference; lastKnownFileType = text.plist.xml; path = Info.plist; sourceTree = "<group>"; };
		F4F74E931EBBCAE7003C9981 /* tddSwiftBlankTests.xctest */ = {isa = PBXFileReference; explicitFileType = wrapper.cfbundle; includeInIndex = 0; path = tddSwiftBlankTests.xctest; sourceTree = BUILT_PRODUCTS_DIR; };
		F4F74E991EBBCAE7003C9981 /* Info.plist */ = {isa = PBXFileReference; lastKnownFileType = text.plist.xml; path = Info.plist; sourceTree = "<group>"; };
		F4F74EAA1EC2544A003C9981 /* PasswordVerifier.swift */ = {isa = PBXFileReference; fileEncoding = 4; lastKnownFileType = sourcecode.swift; path = PasswordVerifier.swift; sourceTree = "<group>"; };
		F4F74EAC1EC25452003C9981 /* SwuPasswordVerifier.swift */ = {isa = PBXFileReference; fileEncoding = 4; lastKnownFileType = sourcecode.swift; path = SwuPasswordVerifier.swift; sourceTree = "<group>"; };
		F4F74EAE1EC2546C003C9981 /* PasswordVerifierSpec.swift */ = {isa = PBXFileReference; fileEncoding = 4; lastKnownFileType = sourcecode.swift; path = PasswordVerifierSpec.swift; sourceTree = "<group>"; };
		F4F74EB01EC2548F003C9981 /* SwuPasswordVerifierSpec.swift */ = {isa = PBXFileReference; fileEncoding = 4; lastKnownFileType = sourcecode.swift; path = SwuPasswordVerifierSpec.swift; sourceTree = "<group>"; };
/* End PBXFileReference section */

/* Begin PBXFrameworksBuildPhase section */
		F4F74E7C1EBBCAE7003C9981 /* Frameworks */ = {
			isa = PBXFrameworksBuildPhase;
			buildActionMask = 2147483647;
			files = (
			);
			runOnlyForDeploymentPostprocessing = 0;
		};
		F4F74E901EBBCAE7003C9981 /* Frameworks */ = {
			isa = PBXFrameworksBuildPhase;
			buildActionMask = 2147483647;
			files = (
				557518B45457B560024ACFD7 /* Pods_tddSwiftBlankTests.framework in Frameworks */,
			);
			runOnlyForDeploymentPostprocessing = 0;
		};
/* End PBXFrameworksBuildPhase section */

/* Begin PBXGroup section */
		145995326A743E327EC23153 /* Frameworks */ = {
			isa = PBXGroup;
			children = (
				8B43F68A913B17866BE95D9F /* Pods_tddSwiftBlankTests.framework */,
			);
			name = Frameworks;
			sourceTree = "<group>";
		};
		B2063358C8B08B1ACC317030 /* Pods */ = {
			isa = PBXGroup;
			children = (
				D400222F429FE68993B58A1A /* Pods-tddSwiftBlankTests.debug.xcconfig */,
				DE3A0817E7A51464AF0F8E08 /* Pods-tddSwiftBlankTests.release.xcconfig */,
			);
			name = Pods;
			sourceTree = "<group>";
		};
		F4F74E761EBBCAE7003C9981 = {
			isa = PBXGroup;
			children = (
				F4F74E811EBBCAE7003C9981 /* tddSwiftBlank */,
				F4F74E961EBBCAE7003C9981 /* tddSwiftBlankTests */,
				F4F74E801EBBCAE7003C9981 /* Products */,
				B2063358C8B08B1ACC317030 /* Pods */,
				145995326A743E327EC23153 /* Frameworks */,
			);
			sourceTree = "<group>";
		};
		F4F74E801EBBCAE7003C9981 /* Products */ = {
			isa = PBXGroup;
			children = (
				F4F74E7F1EBBCAE7003C9981 /* tddSwiftBlank.app */,
				F4F74E931EBBCAE7003C9981 /* tddSwiftBlankTests.xctest */,
			);
			name = Products;
			sourceTree = "<group>";
		};
		F4F74E811EBBCAE7003C9981 /* tddSwiftBlank */ = {
			isa = PBXGroup;
			children = (
				F4F74E821EBBCAE7003C9981 /* AppDelegate.swift */,
				F4F74E891EBBCAE7003C9981 /* Assets.xcassets */,
				F4F74E8E1EBBCAE7003C9981 /* Info.plist */,
				F4F74E8B1EBBCAE7003C9981 /* LaunchScreen.storyboard */,
				F4F74E861EBBCAE7003C9981 /* Main.storyboard */,
				F4F74EAA1EC2544A003C9981 /* PasswordVerifier.swift */,
				F4F74EAC1EC25452003C9981 /* SwuPasswordVerifier.swift */,
				F4F74E841EBBCAE7003C9981 /* ViewController.swift */,
			);
			path = tddSwiftBlank;
			sourceTree = "<group>";
		};
		F4F74E961EBBCAE7003C9981 /* tddSwiftBlankTests */ = {
			isa = PBXGroup;
			children = (
				F4F74E991EBBCAE7003C9981 /* Info.plist */,
				F4F74EAE1EC2546C003C9981 /* PasswordVerifierSpec.swift */,
				F4F74EB01EC2548F003C9981 /* SwuPasswordVerifierSpec.swift */,
			);
			path = tddSwiftBlankTests;
			sourceTree = "<group>";
		};
/* End PBXGroup section */

/* Begin PBXNativeTarget section */
		F4F74E7E1EBBCAE7003C9981 /* tddSwiftBlank */ = {
			isa = PBXNativeTarget;
			buildConfigurationList = F4F74E9C1EBBCAE7003C9981 /* Build configuration list for PBXNativeTarget "tddSwiftBlank" */;
			buildPhases = (
				F4F74E7B1EBBCAE7003C9981 /* Sources */,
				F4F74E7C1EBBCAE7003C9981 /* Frameworks */,
				F4F74E7D1EBBCAE7003C9981 /* Resources */,
			);
			buildRules = (
			);
			dependencies = (
			);
			name = tddSwiftBlank;
			productName = tddSwiftBlank;
			productReference = F4F74E7F1EBBCAE7003C9981 /* tddSwiftBlank.app */;
			productType = "com.apple.product-type.application";
		};
		F4F74E921EBBCAE7003C9981 /* tddSwiftBlankTests */ = {
			isa = PBXNativeTarget;
			buildConfigurationList = F4F74E9F1EBBCAE7003C9981 /* Build configuration list for PBXNativeTarget "tddSwiftBlankTests" */;
			buildPhases = (
				0F7758E6B804D62E8ED8B1DF /* [CP] Check Pods Manifest.lock */,
				F4F74E8F1EBBCAE7003C9981 /* Sources */,
				F4F74E901EBBCAE7003C9981 /* Frameworks */,
				F4F74E911EBBCAE7003C9981 /* Resources */,
				820039063C98AF61C983F0FC /* [CP] Embed Pods Frameworks */,
				265B52CD3F840CC057CF9977 /* [CP] Copy Pods Resources */,
			);
			buildRules = (
			);
			dependencies = (
				F4F74E951EBBCAE7003C9981 /* PBXTargetDependency */,
			);
			name = tddSwiftBlankTests;
			productName = tddSwiftBlankTests;
			productReference = F4F74E931EBBCAE7003C9981 /* tddSwiftBlankTests.xctest */;
			productType = "com.apple.product-type.bundle.unit-test";
		};
/* End PBXNativeTarget section */

/* Begin PBXProject section */
		F4F74E771EBBCAE7003C9981 /* Project object */ = {
			isa = PBXProject;
			attributes = {
				LastSwiftUpdateCheck = 0820;
				LastUpgradeCheck = 0820;
				ORGANIZATIONNAME = "Steven Wu";
				TargetAttributes = {
					F4F74E7E1EBBCAE7003C9981 = {
						CreatedOnToolsVersion = 8.2.1;
						DevelopmentTeam = 5B283G7QPP;
						ProvisioningStyle = Automatic;
					};
					F4F74E921EBBCAE7003C9981 = {
						CreatedOnToolsVersion = 8.2.1;
						DevelopmentTeam = 5B283G7QPP;
						LastSwiftMigration = 0820;
						ProvisioningStyle = Automatic;
						TestTargetID = F4F74E7E1EBBCAE7003C9981;
					};
				};
			};
			buildConfigurationList = F4F74E7A1EBBCAE7003C9981 /* Build configuration list for PBXProject "tddSwiftBlank" */;
			compatibilityVersion = "Xcode 3.2";
			developmentRegion = English;
			hasScannedForEncodings = 0;
			knownRegions = (
				en,
				Base,
			);
			mainGroup = F4F74E761EBBCAE7003C9981;
			productRefGroup = F4F74E801EBBCAE7003C9981 /* Products */;
			projectDirPath = "";
			projectRoot = "";
			targets = (
				F4F74E7E1EBBCAE7003C9981 /* tddSwiftBlank */,
				F4F74E921EBBCAE7003C9981 /* tddSwiftBlankTests */,
			);
		};
/* End PBXProject section */

/* Begin PBXResourcesBuildPhase section */
		F4F74E7D1EBBCAE7003C9981 /* Resources */ = {
			isa = PBXResourcesBuildPhase;
			buildActionMask = 2147483647;
			files = (
				F4F74E8D1EBBCAE7003C9981 /* LaunchScreen.storyboard in Resources */,
				F4F74E8A1EBBCAE7003C9981 /* Assets.xcassets in Resources */,
				F4F74E881EBBCAE7003C9981 /* Main.storyboard in Resources */,
			);
			runOnlyForDeploymentPostprocessing = 0;
		};
		F4F74E911EBBCAE7003C9981 /* Resources */ = {
			isa = PBXResourcesBuildPhase;
			buildActionMask = 2147483647;
			files = (
			);
			runOnlyForDeploymentPostprocessing = 0;
		};
/* End PBXResourcesBuildPhase section */

/* Begin PBXShellScriptBuildPhase section */
		0F7758E6B804D62E8ED8B1DF /* [CP] Check Pods Manifest.lock */ = {
			isa = PBXShellScriptBuildPhase;
			buildActionMask = 2147483647;
			files = (
			);
			inputPaths = (
				"${PODS_PODFILE_DIR_PATH}/Podfile.lock",
				"${PODS_ROOT}/Manifest.lock",
			);
			name = "[CP] Check Pods Manifest.lock";
			outputPaths = (
				"$(DERIVED_FILE_DIR)/Pods-tddSwiftBlankTests-checkManifestLockResult.txt",
			);
			runOnlyForDeploymentPostprocessing = 0;
			shellPath = /bin/sh;
			shellScript = "diff \"${PODS_PODFILE_DIR_PATH}/Podfile.lock\" \"${PODS_ROOT}/Manifest.lock\" > /dev/null\nif [ $? != 0 ] ; then\n    # print error to STDERR\n    echo \"error: The sandbox is not in sync with the Podfile.lock. Run 'pod install' or update your CocoaPods installation.\" >&2\n    exit 1\nfi\n# This output is used by Xcode 'outputs' to avoid re-running this script phase.\necho \"SUCCESS\" > \"${SCRIPT_OUTPUT_FILE_0}\"\n";
			showEnvVarsInLog = 0;
		};
		265B52CD3F840CC057CF9977 /* [CP] Copy Pods Resources */ = {
			isa = PBXShellScriptBuildPhase;
			buildActionMask = 2147483647;
			files = (
			);
			inputPaths = (
			);
			name = "[CP] Copy Pods Resources";
			outputPaths = (
			);
			runOnlyForDeploymentPostprocessing = 0;
			shellPath = /bin/sh;
			shellScript = "\"${SRCROOT}/Pods/Target Support Files/Pods-tddSwiftBlankTests/Pods-tddSwiftBlankTests-resources.sh\"\n";
			showEnvVarsInLog = 0;
		};
		820039063C98AF61C983F0FC /* [CP] Embed Pods Frameworks */ = {
			isa = PBXShellScriptBuildPhase;
			buildActionMask = 2147483647;
			files = (
			);
			inputPaths = (
				"${SRCROOT}/Pods/Target Support Files/Pods-tddSwiftBlankTests/Pods-tddSwiftBlankTests-frameworks.sh",
				"${BUILT_PRODUCTS_DIR}/Nimble/Nimble.framework",
				"${BUILT_PRODUCTS_DIR}/Quick/Quick.framework",
			);
			name = "[CP] Embed Pods Frameworks";
			outputPaths = (
				"${TARGET_BUILD_DIR}/${FRAMEWORKS_FOLDER_PATH}/Nimble.framework",
				"${TARGET_BUILD_DIR}/${FRAMEWORKS_FOLDER_PATH}/Quick.framework",
			);
			runOnlyForDeploymentPostprocessing = 0;
			shellPath = /bin/sh;
			shellScript = "\"${SRCROOT}/Pods/Target Support Files/Pods-tddSwiftBlankTests/Pods-tddSwiftBlankTests-frameworks.sh\"\n";
			showEnvVarsInLog = 0;
		};
/* End PBXShellScriptBuildPhase section */

/* Begin PBXSourcesBuildPhase section */
		F4F74E7B1EBBCAE7003C9981 /* Sources */ = {
			isa = PBXSourcesBuildPhase;
			buildActionMask = 2147483647;
			files = (
				F4F74E851EBBCAE7003C9981 /* ViewController.swift in Sources */,
				F4F74E831EBBCAE7003C9981 /* AppDelegate.swift in Sources */,
				F4F74EAD1EC25452003C9981 /* SwuPasswordVerifier.swift in Sources */,
				F4F74EAB1EC2544A003C9981 /* PasswordVerifier.swift in Sources */,
			);
			runOnlyForDeploymentPostprocessing = 0;
		};
		F4F74E8F1EBBCAE7003C9981 /* Sources */ = {
			isa = PBXSourcesBuildPhase;
			buildActionMask = 2147483647;
			files = (
				F4F74EAF1EC2546C003C9981 /* PasswordVerifierSpec.swift in Sources */,
				F4F74EB11EC2548F003C9981 /* SwuPasswordVerifierSpec.swift in Sources */,
			);
			runOnlyForDeploymentPostprocessing = 0;
		};
/* End PBXSourcesBuildPhase section */

/* Begin PBXTargetDependency section */
		F4F74E951EBBCAE7003C9981 /* PBXTargetDependency */ = {
			isa = PBXTargetDependency;
			target = F4F74E7E1EBBCAE7003C9981 /* tddSwiftBlank */;
			targetProxy = F4F74E941EBBCAE7003C9981 /* PBXContainerItemProxy */;
		};
/* End PBXTargetDependency section */

/* Begin PBXVariantGroup section */
		F4F74E861EBBCAE7003C9981 /* Main.storyboard */ = {
			isa = PBXVariantGroup;
			children = (
				F4F74E871EBBCAE7003C9981 /* Base */,
			);
			name = Main.storyboard;
			sourceTree = "<group>";
		};
		F4F74E8B1EBBCAE7003C9981 /* LaunchScreen.storyboard */ = {
			isa = PBXVariantGroup;
			children = (
				F4F74E8C1EBBCAE7003C9981 /* Base */,
			);
			name = LaunchScreen.storyboard;
			sourceTree = "<group>";
		};
/* End PBXVariantGroup section */

/* Begin XCBuildConfiguration section */
		F4F74E9A1EBBCAE7003C9981 /* Debug */ = {
			isa = XCBuildConfiguration;
			buildSettings = {
				ALWAYS_SEARCH_USER_PATHS = NO;
				CLANG_ANALYZER_NONNULL = YES;
				CLANG_CXX_LANGUAGE_STANDARD = "gnu++0x";
				CLANG_CXX_LIBRARY = "libc++";
				CLANG_ENABLE_MODULES = YES;
				CLANG_ENABLE_OBJC_ARC = YES;
				CLANG_WARN_BOOL_CONVERSION = YES;
				CLANG_WARN_CONSTANT_CONVERSION = YES;
				CLANG_WARN_DIRECT_OBJC_ISA_USAGE = YES_ERROR;
				CLANG_WARN_DOCUMENTATION_COMMENTS = YES;
				CLANG_WARN_EMPTY_BODY = YES;
				CLANG_WARN_ENUM_CONVERSION = YES;
				CLANG_WARN_INFINITE_RECURSION = YES;
				CLANG_WARN_INT_CONVERSION = YES;
				CLANG_WARN_OBJC_ROOT_CLASS = YES_ERROR;
				CLANG_WARN_SUSPICIOUS_MOVE = YES;
				CLANG_WARN_UNREACHABLE_CODE = YES;
				CLANG_WARN__DUPLICATE_METHOD_MATCH = YES;
				"CODE_SIGN_IDENTITY[sdk=iphoneos*]" = "iPhone Developer";
				COPY_PHASE_STRIP = NO;
				DEBUG_INFORMATION_FORMAT = dwarf;
				ENABLE_STRICT_OBJC_MSGSEND = YES;
				ENABLE_TESTABILITY = YES;
				GCC_C_LANGUAGE_STANDARD = gnu99;
				GCC_DYNAMIC_NO_PIC = NO;
				GCC_NO_COMMON_BLOCKS = YES;
				GCC_OPTIMIZATION_LEVEL = 0;
				GCC_PREPROCESSOR_DEFINITIONS = (
					"DEBUG=1",
					"$(inherited)",
				);
				GCC_WARN_64_TO_32_BIT_CONVERSION = YES;
				GCC_WARN_ABOUT_RETURN_TYPE = YES_ERROR;
				GCC_WARN_UNDECLARED_SELECTOR = YES;
				GCC_WARN_UNINITIALIZED_AUTOS = YES_AGGRESSIVE;
				GCC_WARN_UNUSED_FUNCTION = YES;
				GCC_WARN_UNUSED_VARIABLE = YES;
				IPHONEOS_DEPLOYMENT_TARGET = 10.2;
				MTL_ENABLE_DEBUG_INFO = YES;
				ONLY_ACTIVE_ARCH = YES;
				SDKROOT = iphoneos;
				SWIFT_ACTIVE_COMPILATION_CONDITIONS = DEBUG;
				SWIFT_OPTIMIZATION_LEVEL = "-Onone";
				TARGETED_DEVICE_FAMILY = "1,2";
			};
			name = Debug;
		};
		F4F74E9B1EBBCAE7003C9981 /* Release */ = {
			isa = XCBuildConfiguration;
			buildSettings = {
				ALWAYS_SEARCH_USER_PATHS = NO;
				CLANG_ANALYZER_NONNULL = YES;
				CLANG_CXX_LANGUAGE_STANDARD = "gnu++0x";
				CLANG_CXX_LIBRARY = "libc++";
				CLANG_ENABLE_MODULES = YES;
				CLANG_ENABLE_OBJC_ARC = YES;
				CLANG_WARN_BOOL_CONVERSION = YES;
				CLANG_WARN_CONSTANT_CONVERSION = YES;
				CLANG_WARN_DIRECT_OBJC_ISA_USAGE = YES_ERROR;
				CLANG_WARN_DOCUMENTATION_COMMENTS = YES;
				CLANG_WARN_EMPTY_BODY = YES;
				CLANG_WARN_ENUM_CONVERSION = YES;
				CLANG_WARN_INFINITE_RECURSION = YES;
				CLANG_WARN_INT_CONVERSION = YES;
				CLANG_WARN_OBJC_ROOT_CLASS = YES_ERROR;
				CLANG_WARN_SUSPICIOUS_MOVE = YES;
				CLANG_WARN_UNREACHABLE_CODE = YES;
				CLANG_WARN__DUPLICATE_METHOD_MATCH = YES;
				"CODE_SIGN_IDENTITY[sdk=iphoneos*]" = "iPhone Developer";
				COPY_PHASE_STRIP = NO;
				DEBUG_INFORMATION_FORMAT = "dwarf-with-dsym";
				ENABLE_NS_ASSERTIONS = NO;
				ENABLE_STRICT_OBJC_MSGSEND = YES;
				GCC_C_LANGUAGE_STANDARD = gnu99;
				GCC_NO_COMMON_BLOCKS = YES;
				GCC_WARN_64_TO_32_BIT_CONVERSION = YES;
				GCC_WARN_ABOUT_RETURN_TYPE = YES_ERROR;
				GCC_WARN_UNDECLARED_SELECTOR = YES;
				GCC_WARN_UNINITIALIZED_AUTOS = YES_AGGRESSIVE;
				GCC_WARN_UNUSED_FUNCTION = YES;
				GCC_WARN_UNUSED_VARIABLE = YES;
				IPHONEOS_DEPLOYMENT_TARGET = 10.2;
				MTL_ENABLE_DEBUG_INFO = NO;
				SDKROOT = iphoneos;
				SWIFT_OPTIMIZATION_LEVEL = "-Owholemodule";
				TARGETED_DEVICE_FAMILY = "1,2";
				VALIDATE_PRODUCT = YES;
			};
			name = Release;
		};
		F4F74E9D1EBBCAE7003C9981 /* Debug */ = {
			isa = XCBuildConfiguration;
			buildSettings = {
				ASSETCATALOG_COMPILER_APPICON_NAME = AppIcon;
				DEVELOPMENT_TEAM = 5B283G7QPP;
				INFOPLIST_FILE = tddSwiftBlank/Info.plist;
				IPHONEOS_DEPLOYMENT_TARGET = 9.0;
				LD_RUNPATH_SEARCH_PATHS = "$(inherited) @executable_path/Frameworks";
				PRODUCT_BUNDLE_IDENTIFIER = com.swu.tddSwiftBlank;
				PRODUCT_NAME = "$(TARGET_NAME)";
				SWIFT_VERSION = 3.0;
			};
			name = Debug;
		};
		F4F74E9E1EBBCAE7003C9981 /* Release */ = {
			isa = XCBuildConfiguration;
			buildSettings = {
				ASSETCATALOG_COMPILER_APPICON_NAME = AppIcon;
				DEVELOPMENT_TEAM = 5B283G7QPP;
				INFOPLIST_FILE = tddSwiftBlank/Info.plist;
				IPHONEOS_DEPLOYMENT_TARGET = 9.0;
				LD_RUNPATH_SEARCH_PATHS = "$(inherited) @executable_path/Frameworks";
				PRODUCT_BUNDLE_IDENTIFIER = com.swu.tddSwiftBlank;
				PRODUCT_NAME = "$(TARGET_NAME)";
				SWIFT_VERSION = 3.0;
			};
			name = Release;
		};
		F4F74EA01EBBCAE7003C9981 /* Debug */ = {
			isa = XCBuildConfiguration;
			baseConfigurationReference = D400222F429FE68993B58A1A /* Pods-tddSwiftBlankTests.debug.xcconfig */;
			buildSettings = {
				ALWAYS_EMBED_SWIFT_STANDARD_LIBRARIES = YES;
				BUNDLE_LOADER = "$(TEST_HOST)";
				CLANG_ENABLE_MODULES = YES;
				DEVELOPMENT_TEAM = 5B283G7QPP;
				INFOPLIST_FILE = tddSwiftBlankTests/Info.plist;
				LD_RUNPATH_SEARCH_PATHS = "$(inherited) @executable_path/Frameworks @loader_path/Frameworks";
				PRODUCT_BUNDLE_IDENTIFIER = com.swu.tddSwiftBlankTests;
				PRODUCT_NAME = "$(TARGET_NAME)";
				SWIFT_OPTIMIZATION_LEVEL = "-Onone";
				SWIFT_VERSION = 3.0;
				TEST_HOST = "$(BUILT_PRODUCTS_DIR)/tddSwiftBlank.app/tddSwiftBlank";
			};
			name = Debug;
		};
		F4F74EA11EBBCAE7003C9981 /* Release */ = {
			isa = XCBuildConfiguration;
			baseConfigurationReference = DE3A0817E7A51464AF0F8E08 /* Pods-tddSwiftBlankTests.release.xcconfig */;
			buildSettings = {
				ALWAYS_EMBED_SWIFT_STANDARD_LIBRARIES = YES;
				BUNDLE_LOADER = "$(TEST_HOST)";
				CLANG_ENABLE_MODULES = YES;
				DEVELOPMENT_TEAM = 5B283G7QPP;
				INFOPLIST_FILE = tddSwiftBlankTests/Info.plist;
				LD_RUNPATH_SEARCH_PATHS = "$(inherited) @executable_path/Frameworks @loader_path/Frameworks";
				PRODUCT_BUNDLE_IDENTIFIER = com.swu.tddSwiftBlankTests;
				PRODUCT_NAME = "$(TARGET_NAME)";
				SWIFT_VERSION = 3.0;
				TEST_HOST = "$(BUILT_PRODUCTS_DIR)/tddSwiftBlank.app/tddSwiftBlank";
			};
			name = Release;
		};
/* End XCBuildConfiguration section */

/* Begin XCConfigurationList section */
		F4F74E7A1EBBCAE7003C9981 /* Build configuration list for PBXProject "tddSwiftBlank" */ = {
			isa = XCConfigurationList;
			buildConfigurations = (
				F4F74E9A1EBBCAE7003C9981 /* Debug */,
				F4F74E9B1EBBCAE7003C9981 /* Release */,
			);
			defaultConfigurationIsVisible = 0;
			defaultConfigurationName = Release;
		};
		F4F74E9C1EBBCAE7003C9981 /* Build configuration list for PBXNativeTarget "tddSwiftBlank" */ = {
			isa = XCConfigurationList;
			buildConfigurations = (
				F4F74E9D1EBBCAE7003C9981 /* Debug */,
				F4F74E9E1EBBCAE7003C9981 /* Release */,
			);
			defaultConfigurationIsVisible = 0;
			defaultConfigurationName = Release;
		};
		F4F74E9F1EBBCAE7003C9981 /* Build configuration list for PBXNativeTarget "tddSwiftBlankTests" */ = {
			isa = XCConfigurationList;
			buildConfigurations = (
				F4F74EA01EBBCAE7003C9981 /* Debug */,
				F4F74EA11EBBCAE7003C9981 /* Release */,
			);
			defaultConfigurationIsVisible = 0;
			defaultConfigurationName = Release;
		};
/* End XCConfigurationList section */
	};
	rootObject = F4F74E771EBBCAE7003C9981 /* Project object */;
}
